
Microsoft Visual Studio Solution File, Format Version 12.00
# Visual Studio 15
VisualStudioVersion = 15.0.26430.15
MinimumVisualStudioVersion = 10.0.40219.1
Project("{FAE04EC0-301F-11D3-BF4B-00C04F79EFBC}") = "SimpleRESTService", "SimpleRESTService\SimpleRESTService.csproj", "{CE0EB64A-D8BB-4A1B-82CB-A54044712079}"
EndProject
Project("{FAE04EC0-301F-11D3-BF4B-00C04F79EFBC}") = "EmployeeService", "EmployeeService\EmployeeService.csproj", "{D253183E-30A5-47AE-BEC4-6B46DC54A798}"
EndProject
Project("{888888A0-9F3D-457C-B088-3A5042F75D52}") = "PythonApplication1", "PythonApplication1\PythonApplication1.pyproj", "{19A010D7-CB8E-4BFD-A4F5-417E16828FE7}"
EndProject
Global
	GlobalSection(SolutionConfigurationPlatforms) = preSolution
		Debug|Any CPU = Debug|Any CPU
		Release|Any CPU = Release|Any CPU
	EndGlobalSection
	GlobalSection(ProjectConfigurationPlatforms) = postSolution
		{CE0EB64A-D8BB-4A1B-82CB-A54044712079}.Debug|Any CPU.ActiveCfg = Debug|Any CPU
		{CE0EB64A-D8BB-4A1B-82CB-A54044712079}.Debug|Any CPU.Build.0 = Debug|Any CPU
		{CE0EB64A-D8BB-4A1B-82CB-A54044712079}.Release|Any CPU.ActiveCfg = Release|Any CPU
		{CE0EB64A-D8BB-4A1B-82CB-A54044712079}.Release|Any CPU.Build.0 = Release|Any CPU
		{D253183E-30A5-47AE-BEC4-6B46DC54A798}.Debug|Any CPU.ActiveCfg = Debug|Any CPU
		{D253183E-30A5-47AE-BEC4-6B46DC54A798}.Debug|Any CPU.Build.0 = Debug|Any CPU
		{D253183E-30A5-47AE-BEC4-6B46DC54A798}.Release|Any CPU.ActiveCfg = Release|Any CPU
		{D253183E-30A5-47AE-BEC4-6B46DC54A798}.Release|Any CPU.Build.0 = Release|Any CPU
		{19A010D7-CB8E-4BFD-A4F5-417E16828FE7}.Debug|Any CPU.ActiveCfg = Debug|Any CPU
		{19A010D7-CB8E-4BFD-A4F5-417E16828FE7}.Release|Any CPU.ActiveCfg = Release|Any CPU
	EndGlobalSection
	GlobalSection(SolutionProperties) = preSolution
		HideSolutionNode = FALSE
	EndGlobalSection
EndGlobal
